# THIS IS AN AUTOGENERATED FILE. DO NOT EDIT THIS FILE DIRECTLY.
# yarn lockfile v1


google-protobuf@^4.0.1:
  version "4.0.1"
  resolved "https://registry.yarnpkg.com/google-protobuf/-/google-protobuf-4.0.1.tgz#9e5935307ead0e32714e33f33a3caac9bd9b49b4"
  integrity sha512-0I4mx3UtAwpcc8l9Ds5gHcwV2FyPdwvxxBcor8LusE4b6PjoFxEngZRBepjvuQ4B0eZ2iu/Vezh8oRsnpJ9UGA==

grpc-web@^2.0.2:
  version "2.0.2"
  resolved "https://registry.yarnpkg.com/grpc-web/-/grpc-web-2.0.2.tgz#416164eb747bab5c3054fd58f73b21814f325d83"
  integrity sha512-bvBP0/d5jyVM3eGxxffJhRLAPpH6eXhJeUzBT+bSIEgUKkG4a/BotEimVeW3phP0WLnsJnkRl8uQdRf2yDLaVA==
